// !$*UTF8*$!
{
	archiveVersion = 1;
	classes = {
	};
	objectVersion = 56;
	objects = {

/* Begin PBXBuildFile section */
		D32CB9B32BDA52D70031F2CE /* AlgoVisApp.swift in Sources */ = {isa = PBXBuildFile; fileRef = D32CB9B22BDA52D70031F2CE /* AlgoVisApp.swift */; };
		D32CB9B52BDA52D70031F2CE /* SortingVisualizer.swift in Sources */ = {isa = PBXBuildFile; fileRef = D32CB9B42BDA52D70031F2CE /* SortingVisualizer.swift */; };
		D32CB9B72BDA52D70031F2CE /* Assets.xcassets in Resources */ = {isa = PBXBuildFile; fileRef = D32CB9B62BDA52D70031F2CE /* Assets.xcassets */; };
		D32CB9BB2BDA52D70031F2CE /* Preview Assets.xcassets in Resources */ = {isa = PBXBuildFile; fileRef = D32CB9BA2BDA52D70031F2CE /* Preview Assets.xcassets */; };
		D34A6C132BDBD85F00DC2BBF /* SortingAlgorithms.swift in Sources */ = {isa = PBXBuildFile; fileRef = D34A6C122BDBD85F00DC2BBF /* SortingAlgorithms.swift */; };
		D3B93FEE2BDE74B5004EC119 /* SearchingAlgorithms.swift in Sources */ = {isa = PBXBuildFile; fileRef = D3B93FED2BDE74B5004EC119 /* SearchingAlgorithms.swift */; };
		D3C601302BDBDF3100177FA6 /* CView.swift in Sources */ = {isa = PBXBuildFile; fileRef = D3C6012F2BDBDF3100177FA6 /* CView.swift */; };
		D3C6013A2BDD17D800177FA6 /* PathfindingVisualizer.swift in Sources */ = {isa = PBXBuildFile; fileRef = D3C601392BDD17D800177FA6 /* PathfindingVisualizer.swift */; };
		D3C6013C2BDD40FA00177FA6 /* NQueensVisualizer.swift in Sources */ = {isa = PBXBuildFile; fileRef = D3C6013B2BDD40FA00177FA6 /* NQueensVisualizer.swift */; };
		D3C6013E2BDD414A00177FA6 /* SearchingVisualizer.swift in Sources */ = {isa = PBXBuildFile; fileRef = D3C6013D2BDD414A00177FA6 /* SearchingVisualizer.swift */; };
		D3C601402BDD61E400177FA6 /* nQueensAlgorithm.swift in Sources */ = {isa = PBXBuildFile; fileRef = D3C6013F2BDD61E400177FA6 /* nQueensAlgorithm.swift */; };
		D3C601432BDDF93A00177FA6 /* swift-format in Frameworks */ = {isa = PBXBuildFile; productRef = D3C601422BDDF93A00177FA6 /* swift-format */; };
		D3EF39E62D1ABD4900F98856 /* SudokuSolver.swift in Sources */ = {isa = PBXBuildFile; fileRef = D3EF39E52D1ABD4900F98856 /* SudokuSolver.swift */; };
		D3EF39E92D1BCE1A00F98856 /* SudokuAlgorithm.swift in Sources */ = {isa = PBXBuildFile; fileRef = D3EF39E82D1BCE1A00F98856 /* SudokuAlgorithm.swift */; };
/* End PBXBuildFile section */

/* Begin PBXFileReference section */
		D32CB9AF2BDA52D70031F2CE /* AlgoVis.app */ = {isa = PBXFileReference; explicitFileType = wrapper.application; includeInIndex = 0; path = AlgoVis.app; sourceTree = BUILT_PRODUCTS_DIR; };
		D32CB9B22BDA52D70031F2CE /* AlgoVisApp.swift */ = {isa = PBXFileReference; lastKnownFileType = sourcecode.swift; path = AlgoVisApp.swift; sourceTree = "<group>"; };
		D32CB9B42BDA52D70031F2CE /* SortingVisualizer.swift */ = {isa = PBXFileReference; lastKnownFileType = sourcecode.swift; path = SortingVisualizer.swift; sourceTree = "<group>"; };
		D32CB9B62BDA52D70031F2CE /* Assets.xcassets */ = {isa = PBXFileReference; lastKnownFileType = folder.assetcatalog; path = Assets.xcassets; sourceTree = "<group>"; };
		D32CB9B82BDA52D70031F2CE /* AlgoVis.entitlements */ = {isa = PBXFileReference; lastKnownFileType = text.plist.entitlements; path = AlgoVis.entitlements; sourceTree = "<group>"; };
		D32CB9BA2BDA52D70031F2CE /* Preview Assets.xcassets */ = {isa = PBXFileReference; lastKnownFileType = folder.assetcatalog; path = "Preview Assets.xcassets"; sourceTree = "<group>"; };
		D34A6C122BDBD85F00DC2BBF /* SortingAlgorithms.swift */ = {isa = PBXFileReference; lastKnownFileType = sourcecode.swift; path = SortingAlgorithms.swift; sourceTree = "<group>"; };
		D3B93FED2BDE74B5004EC119 /* SearchingAlgorithms.swift */ = {isa = PBXFileReference; lastKnownFileType = sourcecode.swift; path = SearchingAlgorithms.swift; sourceTree = "<group>"; };
		D3C6012F2BDBDF3100177FA6 /* CView.swift */ = {isa = PBXFileReference; lastKnownFileType = sourcecode.swift; path = CView.swift; sourceTree = "<group>"; };
		D3C601392BDD17D800177FA6 /* PathfindingVisualizer.swift */ = {isa = PBXFileReference; lastKnownFileType = sourcecode.swift; path = PathfindingVisualizer.swift; sourceTree = "<group>"; };
		D3C6013B2BDD40FA00177FA6 /* NQueensVisualizer.swift */ = {isa = PBXFileReference; lastKnownFileType = sourcecode.swift; path = NQueensVisualizer.swift; sourceTree = "<group>"; };
		D3C6013D2BDD414A00177FA6 /* SearchingVisualizer.swift */ = {isa = PBXFileReference; lastKnownFileType = sourcecode.swift; path = SearchingVisualizer.swift; sourceTree = "<group>"; };
		D3C6013F2BDD61E400177FA6 /* nQueensAlgorithm.swift */ = {isa = PBXFileReference; lastKnownFileType = sourcecode.swift; path = nQueensAlgorithm.swift; sourceTree = "<group>"; };
		D3EF39E52D1ABD4900F98856 /* SudokuSolver.swift */ = {isa = PBXFileReference; lastKnownFileType = sourcecode.swift; path = SudokuSolver.swift; sourceTree = "<group>"; };
		D3EF39E82D1BCE1A00F98856 /* SudokuAlgorithm.swift */ = {isa = PBXFileReference; lastKnownFileType = sourcecode.swift; path = SudokuAlgorithm.swift; sourceTree = "<group>"; };
/* End PBXFileReference section */

/* Begin PBXFrameworksBuildPhase section */
		D32CB9AC2BDA52D70031F2CE /* Frameworks */ = {
			isa = PBXFrameworksBuildPhase;
			buildActionMask = 2147483647;
			files = (
				D3C601432BDDF93A00177FA6 /* swift-format in Frameworks */,
			);
			runOnlyForDeploymentPostprocessing = 0;
		};
/* End PBXFrameworksBuildPhase section */

/* Begin PBXGroup section */
		D32CB9A62BDA52D70031F2CE = {
			isa = PBXGroup;
			children = (
				D32CB9B12BDA52D70031F2CE /* AlgoVis */,
				D32CB9B02BDA52D70031F2CE /* Products */,
			);
			sourceTree = "<group>";
		};
		D32CB9B02BDA52D70031F2CE /* Products */ = {
			isa = PBXGroup;
			children = (
				D32CB9AF2BDA52D70031F2CE /* AlgoVis.app */,
			);
			name = Products;
			sourceTree = "<group>";
		};
		D32CB9B12BDA52D70031F2CE /* AlgoVis */ = {
			isa = PBXGroup;
			children = (
				D3C601382BDD0D3D00177FA6 /* Algorithms */,
				D32CB9B22BDA52D70031F2CE /* AlgoVisApp.swift */,
				D3C6012F2BDBDF3100177FA6 /* CView.swift */,
				D32CB9B42BDA52D70031F2CE /* SortingVisualizer.swift */,
				D3C6013B2BDD40FA00177FA6 /* NQueensVisualizer.swift */,
				D3C601392BDD17D800177FA6 /* PathfindingVisualizer.swift */,
				D3C6013D2BDD414A00177FA6 /* SearchingVisualizer.swift */,
				D3EF39E52D1ABD4900F98856 /* SudokuSolver.swift */,
				D32CB9B62BDA52D70031F2CE /* Assets.xcassets */,
				D32CB9B82BDA52D70031F2CE /* AlgoVis.entitlements */,
				D32CB9B92BDA52D70031F2CE /* Preview Content */,
			);
			path = AlgoVis;
			sourceTree = "<group>";
		};
		D32CB9B92BDA52D70031F2CE /* Preview Content */ = {
			isa = PBXGroup;
			children = (
				D32CB9BA2BDA52D70031F2CE /* Preview Assets.xcassets */,
			);
			path = "Preview Content";
			sourceTree = "<group>";
		};
		D3C601382BDD0D3D00177FA6 /* Algorithms */ = {
			isa = PBXGroup;
			children = (
				D34A6C122BDBD85F00DC2BBF /* SortingAlgorithms.swift */,
				D3C6013F2BDD61E400177FA6 /* nQueensAlgorithm.swift */,
				D3B93FED2BDE74B5004EC119 /* SearchingAlgorithms.swift */,
				D3EF39E82D1BCE1A00F98856 /* SudokuAlgorithm.swift */,
			);
			path = Algorithms;
			sourceTree = "<group>";
		};
/* End PBXGroup section */

/* Begin PBXNativeTarget section */
		D32CB9AE2BDA52D70031F2CE /* AlgoVis */ = {
			isa = PBXNativeTarget;
			buildConfigurationList = D32CB9BE2BDA52D70031F2CE /* Build configuration list for PBXNativeTarget "AlgoVis" */;
			buildPhases = (
				D32CB9AB2BDA52D70031F2CE /* Sources */,
				D32CB9AC2BDA52D70031F2CE /* Frameworks */,
				D32CB9AD2BDA52D70031F2CE /* Resources */,
			);
			buildRules = (
			);
			dependencies = (
			);
			name = AlgoVis;
			packageProductDependencies = (
				D3C601422BDDF93A00177FA6 /* swift-format */,
			);
			productName = AlgoVis;
			productReference = D32CB9AF2BDA52D70031F2CE /* AlgoVis.app */;
			productType = "com.apple.product-type.application";
		};
/* End PBXNativeTarget section */

/* Begin PBXProject section */
		D32CB9A72BDA52D70031F2CE /* Project object */ = {
			isa = PBXProject;
			attributes = {
				BuildIndependentTargetsInParallel = 1;
				LastSwiftUpdateCheck = 1500;
				LastUpgradeCheck = 1620;
				TargetAttributes = {
					D32CB9AE2BDA52D70031F2CE = {
						CreatedOnToolsVersion = 15.0;
					};
				};
			};
			buildConfigurationList = D32CB9AA2BDA52D70031F2CE /* Build configuration list for PBXProject "AlgoVis" */;
			compatibilityVersion = "Xcode 14.0";
			developmentRegion = en;
			hasScannedForEncodings = 0;
			knownRegions = (
				en,
				Base,
			);
			mainGroup = D32CB9A62BDA52D70031F2CE;
			packageReferences = (
				D3C601412BDDF93A00177FA6 /* XCRemoteSwiftPackageReference "swift-format" */,
			);
			productRefGroup = D32CB9B02BDA52D70031F2CE /* Products */;
			projectDirPath = "";
			projectRoot = "";
			targets = (
				D32CB9AE2BDA52D70031F2CE /* AlgoVis */,
			);
		};
/* End PBXProject section */

/* Begin PBXResourcesBuildPhase section */
		D32CB9AD2BDA52D70031F2CE /* Resources */ = {
			isa = PBXResourcesBuildPhase;
			buildActionMask = 2147483647;
			files = (
				D32CB9BB2BDA52D70031F2CE /* Preview Assets.xcassets in Resources */,
				D32CB9B72BDA52D70031F2CE /* Assets.xcassets in Resources */,
			);
			runOnlyForDeploymentPostprocessing = 0;
		};
/* End PBXResourcesBuildPhase section */

/* Begin PBXSourcesBuildPhase section */
		D32CB9AB2BDA52D70031F2CE /* Sources */ = {
			isa = PBXSourcesBuildPhase;
			buildActionMask = 2147483647;
			files = (
				D3C6013A2BDD17D800177FA6 /* PathfindingVisualizer.swift in Sources */,
				D3C6013C2BDD40FA00177FA6 /* NQueensVisualizer.swift in Sources */,
				D3B93FEE2BDE74B5004EC119 /* SearchingAlgorithms.swift in Sources */,
				D3C601302BDBDF3100177FA6 /* CView.swift in Sources */,
				D32CB9B52BDA52D70031F2CE /* SortingVisualizer.swift in Sources */,
				D3EF39E62D1ABD4900F98856 /* SudokuSolver.swift in Sources */,
				D32CB9B32BDA52D70031F2CE /* AlgoVisApp.swift in Sources */,
				D3C6013E2BDD414A00177FA6 /* SearchingVisualizer.swift in Sources */,
				D34A6C132BDBD85F00DC2BBF /* SortingAlgorithms.swift in Sources */,
				D3EF39E92D1BCE1A00F98856 /* SudokuAlgorithm.swift in Sources */,
				D3C601402BDD61E400177FA6 /* nQueensAlgorithm.swift in Sources */,
			);
			runOnlyForDeploymentPostprocessing = 0;
		};
/* End PBXSourcesBuildPhase section */

/* Begin XCBuildConfiguration section */
		D32CB9BC2BDA52D70031F2CE /* Debug */ = {
			isa = XCBuildConfiguration;
			buildSettings = {
				ALWAYS_SEARCH_USER_PATHS = NO;
				ASSETCATALOG_COMPILER_GENERATE_SWIFT_ASSET_SYMBOL_EXTENSIONS = YES;
				CLANG_ANALYZER_NONNULL = YES;
				CLANG_ANALYZER_NUMBER_OBJECT_CONVERSION = YES_AGGRESSIVE;
				CLANG_CXX_LANGUAGE_STANDARD = "gnu++20";
				CLANG_ENABLE_MODULES = YES;
				CLANG_ENABLE_OBJC_ARC = YES;
				CLANG_ENABLE_OBJC_WEAK = YES;
				CLANG_WARN_BLOCK_CAPTURE_AUTORELEASING = YES;
				CLANG_WARN_BOOL_CONVERSION = YES;
				CLANG_WARN_COMMA = YES;
				CLANG_WARN_CONSTANT_CONVERSION = YES;
				CLANG_WARN_DEPRECATED_OBJC_IMPLEMENTATIONS = YES;
				CLANG_WARN_DIRECT_OBJC_ISA_USAGE = YES_ERROR;
				CLANG_WARN_DOCUMENTATION_COMMENTS = YES;
				CLANG_WARN_EMPTY_BODY = YES;
				CLANG_WARN_ENUM_CONVERSION = YES;
				CLANG_WARN_INFINITE_RECURSION = YES;
				CLANG_WARN_INT_CONVERSION = YES;
				CLANG_WARN_NON_LITERAL_NULL_CONVERSION = YES;
				CLANG_WARN_OBJC_IMPLICIT_RETAIN_SELF = YES;
				CLANG_WARN_OBJC_LITERAL_CONVERSION = YES;
				CLANG_WARN_OBJC_ROOT_CLASS = YES_ERROR;
				CLANG_WARN_QUOTED_INCLUDE_IN_FRAMEWORK_HEADER = YES;
				CLANG_WARN_RANGE_LOOP_ANALYSIS = YES;
				CLANG_WARN_STRICT_PROTOTYPES = YES;
				CLANG_WARN_SUSPICIOUS_MOVE = YES;
				CLANG_WARN_UNGUARDED_AVAILABILITY = YES_AGGRESSIVE;
				CLANG_WARN_UNREACHABLE_CODE = YES;
				CLANG_WARN__DUPLICATE_METHOD_MATCH = YES;
				COPY_PHASE_STRIP = NO;
				DEAD_CODE_STRIPPING = YES;
				DEBUG_INFORMATION_FORMAT = dwarf;
				ENABLE_STRICT_OBJC_MSGSEND = YES;
				ENABLE_TESTABILITY = YES;
				ENABLE_USER_SCRIPT_SANDBOXING = YES;
				GCC_C_LANGUAGE_STANDARD = gnu17;
				GCC_DYNAMIC_NO_PIC = NO;
				GCC_NO_COMMON_BLOCKS = YES;
				GCC_OPTIMIZATION_LEVEL = 0;
				GCC_PREPROCESSOR_DEFINITIONS = (
					"DEBUG=1",
					"$(inherited)",
				);
				GCC_WARN_64_TO_32_BIT_CONVERSION = YES;
				GCC_WARN_ABOUT_RETURN_TYPE = YES_ERROR;
				GCC_WARN_UNDECLARED_SELECTOR = YES;
				GCC_WARN_UNINITIALIZED_AUTOS = YES_AGGRESSIVE;
				GCC_WARN_UNUSED_FUNCTION = YES;
				GCC_WARN_UNUSED_VARIABLE = YES;
				LOCALIZATION_PREFERS_STRING_CATALOGS = YES;
				MTL_ENABLE_DEBUG_INFO = INCLUDE_SOURCE;
				MTL_FAST_MATH = YES;
				ONLY_ACTIVE_ARCH = YES;
				SWIFT_ACTIVE_COMPILATION_CONDITIONS = "DEBUG $(inherited)";
				SWIFT_OPTIMIZATION_LEVEL = "-Onone";
			};
			name = Debug;
		};
		D32CB9BD2BDA52D70031F2CE /* Release */ = {
			isa = XCBuildConfiguration;
			buildSettings = {
				ALWAYS_SEARCH_USER_PATHS = NO;
				ASSETCATALOG_COMPILER_GENERATE_SWIFT_ASSET_SYMBOL_EXTENSIONS = YES;
				CLANG_ANALYZER_NONNULL = YES;
				CLANG_ANALYZER_NUMBER_OBJECT_CONVERSION = YES_AGGRESSIVE;
				CLANG_CXX_LANGUAGE_STANDARD = "gnu++20";
				CLANG_ENABLE_MODULES = YES;
				CLANG_ENABLE_OBJC_ARC = YES;
				CLANG_ENABLE_OBJC_WEAK = YES;
				CLANG_WARN_BLOCK_CAPTURE_AUTORELEASING = YES;
				CLANG_WARN_BOOL_CONVERSION = YES;
				CLANG_WARN_COMMA = YES;
				CLANG_WARN_CONSTANT_CONVERSION = YES;
				CLANG_WARN_DEPRECATED_OBJC_IMPLEMENTATIONS = YES;
				CLANG_WARN_DIRECT_OBJC_ISA_USAGE = YES_ERROR;
				CLANG_WARN_DOCUMENTATION_COMMENTS = YES;
				CLANG_WARN_EMPTY_BODY = YES;
				CLANG_WARN_ENUM_CONVERSION = YES;
				CLANG_WARN_INFINITE_RECURSION = YES;
				CLANG_WARN_INT_CONVERSION = YES;
				CLANG_WARN_NON_LITERAL_NULL_CONVERSION = YES;
				CLANG_WARN_OBJC_IMPLICIT_RETAIN_SELF = YES;
				CLANG_WARN_OBJC_LITERAL_CONVERSION = YES;
				CLANG_WARN_OBJC_ROOT_CLASS = YES_ERROR;
				CLANG_WARN_QUOTED_INCLUDE_IN_FRAMEWORK_HEADER = YES;
				CLANG_WARN_RANGE_LOOP_ANALYSIS = YES;
				CLANG_WARN_STRICT_PROTOTYPES = YES;
				CLANG_WARN_SUSPICIOUS_MOVE = YES;
				CLANG_WARN_UNGUARDED_AVAILABILITY = YES_AGGRESSIVE;
				CLANG_WARN_UNREACHABLE_CODE = YES;
				CLANG_WARN__DUPLICATE_METHOD_MATCH = YES;
				COPY_PHASE_STRIP = NO;
				DEAD_CODE_STRIPPING = YES;
				DEBUG_INFORMATION_FORMAT = "dwarf-with-dsym";
				ENABLE_NS_ASSERTIONS = NO;
				ENABLE_STRICT_OBJC_MSGSEND = YES;
				ENABLE_USER_SCRIPT_SANDBOXING = YES;
				GCC_C_LANGUAGE_STANDARD = gnu17;
				GCC_NO_COMMON_BLOCKS = YES;
				GCC_WARN_64_TO_32_BIT_CONVERSION = YES;
				GCC_WARN_ABOUT_RETURN_TYPE = YES_ERROR;
				GCC_WARN_UNDECLARED_SELECTOR = YES;
				GCC_WARN_UNINITIALIZED_AUTOS = YES_AGGRESSIVE;
				GCC_WARN_UNUSED_FUNCTION = YES;
				GCC_WARN_UNUSED_VARIABLE = YES;
				LOCALIZATION_PREFERS_STRING_CATALOGS = YES;
				MTL_ENABLE_DEBUG_INFO = NO;
				MTL_FAST_MATH = YES;
				SWIFT_COMPILATION_MODE = wholemodule;
			};
			name = Release;
		};
		D32CB9BF2BDA52D70031F2CE /* Debug */ = {
			isa = XCBuildConfiguration;
			buildSettings = {
				ASSETCATALOG_COMPILER_APPICON_NAME = AppIcon;
				ASSETCATALOG_COMPILER_GLOBAL_ACCENT_COLOR_NAME = AccentColor;
				CODE_SIGN_ENTITLEMENTS = AlgoVis/AlgoVis.entitlements;
				CODE_SIGN_STYLE = Automatic;
				CURRENT_PROJECT_VERSION = 1;
				DEAD_CODE_STRIPPING = YES;
				DEVELOPMENT_ASSET_PATHS = "\"AlgoVis/Preview Content\"";
				DEVELOPMENT_TEAM = 428G83USJV;
				ENABLE_HARDENED_RUNTIME = YES;
				ENABLE_PREVIEWS = YES;
				GENERATE_INFOPLIST_FILE = YES;
				"INFOPLIST_KEY_UIApplicationSceneManifest_Generation[sdk=iphoneos*]" = YES;
				"INFOPLIST_KEY_UIApplicationSceneManifest_Generation[sdk=iphonesimulator*]" = YES;
				"INFOPLIST_KEY_UIApplicationSupportsIndirectInputEvents[sdk=iphoneos*]" = YES;
				"INFOPLIST_KEY_UIApplicationSupportsIndirectInputEvents[sdk=iphonesimulator*]" = YES;
				"INFOPLIST_KEY_UILaunchScreen_Generation[sdk=iphoneos*]" = YES;
				"INFOPLIST_KEY_UILaunchScreen_Generation[sdk=iphonesimulator*]" = YES;
				"INFOPLIST_KEY_UIStatusBarStyle[sdk=iphoneos*]" = UIStatusBarStyleDefault;
				"INFOPLIST_KEY_UIStatusBarStyle[sdk=iphonesimulator*]" = UIStatusBarStyleDefault;
				INFOPLIST_KEY_UISupportedInterfaceOrientations_iPad = "UIInterfaceOrientationPortrait UIInterfaceOrientationPortraitUpsideDown UIInterfaceOrientationLandscapeLeft UIInterfaceOrientationLandscapeRight";
				INFOPLIST_KEY_UISupportedInterfaceOrientations_iPhone = "UIInterfaceOrientationPortrait UIInterfaceOrientationLandscapeLeft UIInterfaceOrientationLandscapeRight";
				IPHONEOS_DEPLOYMENT_TARGET = 17.0;
				LD_RUNPATH_SEARCH_PATHS = "@executable_path/Frameworks";
				"LD_RUNPATH_SEARCH_PATHS[sdk=macosx*]" = "@executable_path/../Frameworks";
				MACOSX_DEPLOYMENT_TARGET = 14.0;
				MARKETING_VERSION = 1.0;
				PRODUCT_BUNDLE_IDENTIFIER = in.yashrastogi.AlgoVis;
				PRODUCT_NAME = "$(TARGET_NAME)";
				SDKROOT = macosx;
				SUPPORTED_PLATFORMS = "iphoneos iphonesimulator macosx";
				SWIFT_EMIT_LOC_STRINGS = YES;
				SWIFT_VERSION = 5.0;
				TARGETED_DEVICE_FAMILY = "1,2";
			};
			name = Debug;
		};
		D32CB9C02BDA52D70031F2CE /* Release */ = {
			isa = XCBuildConfiguration;
			buildSettings = {
				ASSETCATALOG_COMPILER_APPICON_NAME = AppIcon;
				ASSETCATALOG_COMPILER_GLOBAL_ACCENT_COLOR_NAME = AccentColor;
				CODE_SIGN_ENTITLEMENTS = AlgoVis/AlgoVis.entitlements;
				CODE_SIGN_STYLE = Automatic;
				CURRENT_PROJECT_VERSION = 1;
				DEAD_CODE_STRIPPING = YES;
				DEVELOPMENT_ASSET_PATHS = "\"AlgoVis/Preview Content\"";
				DEVELOPMENT_TEAM = 428G83USJV;
				ENABLE_HARDENED_RUNTIME = YES;
				ENABLE_PREVIEWS = YES;
				GENERATE_INFOPLIST_FILE = YES;
				"INFOPLIST_KEY_UIApplicationSceneManifest_Generation[sdk=iphoneos*]" = YES;
				"INFOPLIST_KEY_UIApplicationSceneManifest_Generation[sdk=iphonesimulator*]" = YES;
				"INFOPLIST_KEY_UIApplicationSupportsIndirectInputEvents[sdk=iphoneos*]" = YES;
				"INFOPLIST_KEY_UIApplicationSupportsIndirectInputEvents[sdk=iphonesimulator*]" = YES;
				"INFOPLIST_KEY_UILaunchScreen_Generation[sdk=iphoneos*]" = YES;
				"INFOPLIST_KEY_UILaunchScreen_Generation[sdk=iphonesimulator*]" = YES;
				"INFOPLIST_KEY_UIStatusBarStyle[sdk=iphoneos*]" = UIStatusBarStyleDefault;
				"INFOPLIST_KEY_UIStatusBarStyle[sdk=iphonesimulator*]" = UIStatusBarStyleDefault;
				INFOPLIST_KEY_UISupportedInterfaceOrientations_iPad = "UIInterfaceOrientationPortrait UIInterfaceOrientationPortraitUpsideDown UIInterfaceOrientationLandscapeLeft UIInterfaceOrientationLandscapeRight";
				INFOPLIST_KEY_UISupportedInterfaceOrientations_iPhone = "UIInterfaceOrientationPortrait UIInterfaceOrientationLandscapeLeft UIInterfaceOrientationLandscapeRight";
				IPHONEOS_DEPLOYMENT_TARGET = 17.0;
				LD_RUNPATH_SEARCH_PATHS = "@executable_path/Frameworks";
				"LD_RUNPATH_SEARCH_PATHS[sdk=macosx*]" = "@executable_path/../Frameworks";
				MACOSX_DEPLOYMENT_TARGET = 14.0;
				MARKETING_VERSION = 1.0;
				PRODUCT_BUNDLE_IDENTIFIER = in.yashrastogi.AlgoVis;
				PRODUCT_NAME = "$(TARGET_NAME)";
				SDKROOT = macosx;
				SUPPORTED_PLATFORMS = "iphoneos iphonesimulator macosx";
				SWIFT_EMIT_LOC_STRINGS = YES;
				SWIFT_VERSION = 5.0;
				TARGETED_DEVICE_FAMILY = "1,2";
			};
			name = Release;
		};
/* End XCBuildConfiguration section */

/* Begin XCConfigurationList section */
		D32CB9AA2BDA52D70031F2CE /* Build configuration list for PBXProject "AlgoVis" */ = {
			isa = XCConfigurationList;
			buildConfigurations = (
				D32CB9BC2BDA52D70031F2CE /* Debug */,
				D32CB9BD2BDA52D70031F2CE /* Release */,
			);
			defaultConfigurationIsVisible = 0;
			defaultConfigurationName = Release;
		};
		D32CB9BE2BDA52D70031F2CE /* Build configuration list for PBXNativeTarget "AlgoVis" */ = {
			isa = XCConfigurationList;
			buildConfigurations = (
				D32CB9BF2BDA52D70031F2CE /* Debug */,
				D32CB9C02BDA52D70031F2CE /* Release */,
			);
			defaultConfigurationIsVisible = 0;
			defaultConfigurationName = Release;
		};
/* End XCConfigurationList section */

/* Begin XCRemoteSwiftPackageReference section */
		D3C601412BDDF93A00177FA6 /* XCRemoteSwiftPackageReference "swift-format" */ = {
			isa = XCRemoteSwiftPackageReference;
			repositoryURL = "https://github.com/apple/swift-format";
			requirement = {
				kind = upToNextMajorVersion;
				minimumVersion = 510.1.0;
			};
		};
/* End XCRemoteSwiftPackageReference section */

/* Begin XCSwiftPackageProductDependency section */
		D3C601422BDDF93A00177FA6 /* swift-format */ = {
			isa = XCSwiftPackageProductDependency;
			package = D3C601412BDDF93A00177FA6 /* XCRemoteSwiftPackageReference "swift-format" */;
			productName = "swift-format";
		};
/* End XCSwiftPackageProductDependency section */
	};
	rootObject = D32CB9A72BDA52D70031F2CE /* Project object */;
}
